
Microsoft Visual Studio Solution File, Format Version 12.00
# Visual Studio Version 16
VisualStudioVersion = 16.0.31624.102
MinimumVisualStudioVersion = 10.0.40219.1
Project("{FAE04EC0-301F-11D3-BF4B-00C04F79EFBC}") = "WebcamCaptureApp", "WebcamCaptureApp\WebcamCaptureApp.csproj", "{3625BA74-DCEF-4D2F-AC41-7FF4EA45DE36}"
EndProject
Global
	GlobalSection(SolutionConfigurationPlatforms) = preSolution
		Debug|Any CPU = Debug|Any CPU
		Release|Any CPU = Release|Any CPU
	EndGlobalSection
	GlobalSection(ProjectConfigurationPlatforms) = postSolution
		{3625BA74-DCEF-4D2F-AC41-7FF4EA45DE36}.Debug|Any CPU.ActiveCfg = Debug|Any CPU
		{3625BA74-DCEF-4D2F-AC41-7FF4EA45DE36}.Debug|Any CPU.Build.0 = Debug|Any CPU
		{3625BA74-DCEF-4D2F-AC41-7FF4EA45DE36}.Release|Any CPU.ActiveCfg = Release|Any CPU
		{3625BA74-DCEF-4D2F-AC41-7FF4EA45DE36}.Release|Any CPU.Build.0 = Release|Any CPU
	EndGlobalSection
	GlobalSection(SolutionProperties) = preSolution
		HideSolutionNode = FALSE
	EndGlobalSection
	GlobalSection(ExtensibilityGlobals) = postSolution
		SolutionGuid = {BC69E75D-62DF-4550-9A09-7F2EDD63022E}
	EndGlobalSection
EndGlobal
